
Microsoft Visual Studio Solution File, Format Version 12.00
# Visual Studio Version 16
VisualStudioVersion = 16.0.31129.286
MinimumVisualStudioVersion = 10.0.40219.1
Project("{FAE04EC0-301F-11D3-BF4B-00C04F79EFBC}") = "Exercise1", "Exercise1\Exercise1.csproj", "{BBE9CB3C-AC4D-4079-B513-6A2141EE71B1}"
EndProject
Project("{FAE04EC0-301F-11D3-BF4B-00C04F79EFBC}") = "Exercise2", "Exercise2\Exercise2.csproj", "{ACE1CEA5-F316-4CD6-A0E2-0102767EBF57}"
EndProject
Project("{FAE04EC0-301F-11D3-BF4B-00C04F79EFBC}") = "Exercise3", "Exercise3\Exercise3.csproj", "{80E2D513-79B9-4088-A7FE-130C4D17119E}"
EndProject
Project("{FAE04EC0-301F-11D3-BF4B-00C04F79EFBC}") = "Exercise4", "Exercise4\Exercise4.csproj", "{BE623D32-BB4A-4DBD-817B-D7F8E9DC8DCB}"
EndProject
Project("{FAE04EC0-301F-11D3-BF4B-00C04F79EFBC}") = "Exercise5", "Exercise5\Exercise5.csproj", "{94D94461-9F4A-4E06-BC45-4A5B881B3D14}"
EndProject
Global
	GlobalSection(SolutionConfigurationPlatforms) = preSolution
		Debug|Any CPU = Debug|Any CPU
		Release|Any CPU = Release|Any CPU
	EndGlobalSection
	GlobalSection(ProjectConfigurationPlatforms) = postSolution
		{BBE9CB3C-AC4D-4079-B513-6A2141EE71B1}.Debug|Any CPU.ActiveCfg = Debug|Any CPU
		{BBE9CB3C-AC4D-4079-B513-6A2141EE71B1}.Debug|Any CPU.Build.0 = Debug|Any CPU
		{BBE9CB3C-AC4D-4079-B513-6A2141EE71B1}.Release|Any CPU.ActiveCfg = Release|Any CPU
		{BBE9CB3C-AC4D-4079-B513-6A2141EE71B1}.Release|Any CPU.Build.0 = Release|Any CPU
		{ACE1CEA5-F316-4CD6-A0E2-0102767EBF57}.Debug|Any CPU.ActiveCfg = Debug|Any CPU
		{ACE1CEA5-F316-4CD6-A0E2-0102767EBF57}.Debug|Any CPU.Build.0 = Debug|Any CPU
		{ACE1CEA5-F316-4CD6-A0E2-0102767EBF57}.Release|Any CPU.ActiveCfg = Release|Any CPU
		{ACE1CEA5-F316-4CD6-A0E2-0102767EBF57}.Release|Any CPU.Build.0 = Release|Any CPU
		{80E2D513-79B9-4088-A7FE-130C4D17119E}.Debug|Any CPU.ActiveCfg = Debug|Any CPU
		{80E2D513-79B9-4088-A7FE-130C4D17119E}.Debug|Any CPU.Build.0 = Debug|Any CPU
		{80E2D513-79B9-4088-A7FE-130C4D17119E}.Release|Any CPU.ActiveCfg = Release|Any CPU
		{80E2D513-79B9-4088-A7FE-130C4D17119E}.Release|Any CPU.Build.0 = Release|Any CPU
		{BE623D32-BB4A-4DBD-817B-D7F8E9DC8DCB}.Debug|Any CPU.ActiveCfg = Debug|Any CPU
		{BE623D32-BB4A-4DBD-817B-D7F8E9DC8DCB}.Debug|Any CPU.Build.0 = Debug|Any CPU
		{BE623D32-BB4A-4DBD-817B-D7F8E9DC8DCB}.Release|Any CPU.ActiveCfg = Release|Any CPU
		{BE623D32-BB4A-4DBD-817B-D7F8E9DC8DCB}.Release|Any CPU.Build.0 = Release|Any CPU
		{94D94461-9F4A-4E06-BC45-4A5B881B3D14}.Debug|Any CPU.ActiveCfg = Debug|Any CPU
		{94D94461-9F4A-4E06-BC45-4A5B881B3D14}.Debug|Any CPU.Build.0 = Debug|Any CPU
		{94D94461-9F4A-4E06-BC45-4A5B881B3D14}.Release|Any CPU.ActiveCfg = Release|Any CPU
		{94D94461-9F4A-4E06-BC45-4A5B881B3D14}.Release|Any CPU.Build.0 = Release|Any CPU
	EndGlobalSection
	GlobalSection(SolutionProperties) = preSolution
		HideSolutionNode = FALSE
	EndGlobalSection
	GlobalSection(ExtensibilityGlobals) = postSolution
		SolutionGuid = {ED9FD7DD-B967-4A2C-9A83-AE0DA63C89D8}
	EndGlobalSection
EndGlobal
